// !$*UTF8*$!
{
	archiveVersion = 1;
	classes = {
	};
	objectVersion = 50;
	objects = {

/* Begin PBXBuildFile section */
		469F3B5E26518C0500569569 /* AppDelegate.swift in Sources */ = {isa = PBXBuildFile; fileRef = 469F3B5D26518C0500569569 /* AppDelegate.swift */; };
		469F3B6026518C0500569569 /* SceneDelegate.swift in Sources */ = {isa = PBXBuildFile; fileRef = 469F3B5F26518C0500569569 /* SceneDelegate.swift */; };
		469F3B6226518C0500569569 /* ViewController.swift in Sources */ = {isa = PBXBuildFile; fileRef = 469F3B6126518C0500569569 /* ViewController.swift */; };
		469F3B6526518C0500569569 /* Main.storyboard in Resources */ = {isa = PBXBuildFile; fileRef = 469F3B6326518C0500569569 /* Main.storyboard */; };
		469F3B6726518C1300569569 /* Assets.xcassets in Resources */ = {isa = PBXBuildFile; fileRef = 469F3B6626518C1300569569 /* Assets.xcassets */; };
		469F3B6A26518C1300569569 /* LaunchScreen.storyboard in Resources */ = {isa = PBXBuildFile; fileRef = 469F3B6826518C1300569569 /* LaunchScreen.storyboard */; };
		469F3B7526518C1300569569 /* githubpracticeTests.swift in Sources */ = {isa = PBXBuildFile; fileRef = 469F3B7426518C1300569569 /* githubpracticeTests.swift */; };
		469F3B8026518C1400569569 /* githubpracticeUITests.swift in Sources */ = {isa = PBXBuildFile; fileRef = 469F3B7F26518C1400569569 /* githubpracticeUITests.swift */; };
/* End PBXBuildFile section */

/* Begin PBXContainerItemProxy section */
		469F3B7126518C1300569569 /* PBXContainerItemProxy */ = {
			isa = PBXContainerItemProxy;
			containerPortal = 469F3B5226518C0400569569 /* Project object */;
			proxyType = 1;
			remoteGlobalIDString = 469F3B5926518C0500569569;
			remoteInfo = githubpractice;
		};
		469F3B7C26518C1400569569 /* PBXContainerItemProxy */ = {
			isa = PBXContainerItemProxy;
			containerPortal = 469F3B5226518C0400569569 /* Project object */;
			proxyType = 1;
			remoteGlobalIDString = 469F3B5926518C0500569569;
			remoteInfo = githubpractice;
		};
/* End PBXContainerItemProxy section */

/* Begin PBXFileReference section */
		469F3B5A26518C0500569569 /* githubpractice.app */ = {isa = PBXFileReference; explicitFileType = wrapper.application; includeInIndex = 0; path = githubpractice.app; sourceTree = BUILT_PRODUCTS_DIR; };
		469F3B5D26518C0500569569 /* AppDelegate.swift */ = {isa = PBXFileReference; lastKnownFileType = sourcecode.swift; path = AppDelegate.swift; sourceTree = "<group>"; };
		469F3B5F26518C0500569569 /* SceneDelegate.swift */ = {isa = PBXFileReference; lastKnownFileType = sourcecode.swift; path = SceneDelegate.swift; sourceTree = "<group>"; };
		469F3B6126518C0500569569 /* ViewController.swift */ = {isa = PBXFileReference; lastKnownFileType = sourcecode.swift; path = ViewController.swift; sourceTree = "<group>"; };
		469F3B6426518C0500569569 /* Base */ = {isa = PBXFileReference; lastKnownFileType = file.storyboard; name = Base; path = Base.lproj/Main.storyboard; sourceTree = "<group>"; };
		469F3B6626518C1300569569 /* Assets.xcassets */ = {isa = PBXFileReference; lastKnownFileType = folder.assetcatalog; path = Assets.xcassets; sourceTree = "<group>"; };
		469F3B6926518C1300569569 /* Base */ = {isa = PBXFileReference; lastKnownFileType = file.storyboard; name = Base; path = Base.lproj/LaunchScreen.storyboard; sourceTree = "<group>"; };
		469F3B6B26518C1300569569 /* Info.plist */ = {isa = PBXFileReference; lastKnownFileType = text.plist.xml; path = Info.plist; sourceTree = "<group>"; };
		469F3B7026518C1300569569 /* githubpracticeTests.xctest */ = {isa = PBXFileReference; explicitFileType = wrapper.cfbundle; includeInIndex = 0; path = githubpracticeTests.xctest; sourceTree = BUILT_PRODUCTS_DIR; };
		469F3B7426518C1300569569 /* githubpracticeTests.swift */ = {isa = PBXFileReference; lastKnownFileType = sourcecode.swift; path = githubpracticeTests.swift; sourceTree = "<group>"; };
		469F3B7626518C1300569569 /* Info.plist */ = {isa = PBXFileReference; lastKnownFileType = text.plist.xml; path = Info.plist; sourceTree = "<group>"; };
		469F3B7B26518C1400569569 /* githubpracticeUITests.xctest */ = {isa = PBXFileReference; explicitFileType = wrapper.cfbundle; includeInIndex = 0; path = githubpracticeUITests.xctest; sourceTree = BUILT_PRODUCTS_DIR; };
		469F3B7F26518C1400569569 /* githubpracticeUITests.swift */ = {isa = PBXFileReference; lastKnownFileType = sourcecode.swift; path = githubpracticeUITests.swift; sourceTree = "<group>"; };
		469F3B8126518C1400569569 /* Info.plist */ = {isa = PBXFileReference; lastKnownFileType = text.plist.xml; path = Info.plist; sourceTree = "<group>"; };
/* End PBXFileReference section */

/* Begin PBXFrameworksBuildPhase section */
		469F3B5726518C0500569569 /* Frameworks */ = {
			isa = PBXFrameworksBuildPhase;
			buildActionMask = 2147483647;
			files = (
			);
			runOnlyForDeploymentPostprocessing = 0;
		};
		469F3B6D26518C1300569569 /* Frameworks */ = {
			isa = PBXFrameworksBuildPhase;
			buildActionMask = 2147483647;
			files = (
			);
			runOnlyForDeploymentPostprocessing = 0;
		};
		469F3B7826518C1400569569 /* Frameworks */ = {
			isa = PBXFrameworksBuildPhase;
			buildActionMask = 2147483647;
			files = (
			);
			runOnlyForDeploymentPostprocessing = 0;
		};
/* End PBXFrameworksBuildPhase section */

/* Begin PBXGroup section */
		469F3B5126518C0400569569 = {
			isa = PBXGroup;
			children = (
				469F3B5C26518C0500569569 /* githubpractice */,
				469F3B7326518C1300569569 /* githubpracticeTests */,
				469F3B7E26518C1400569569 /* githubpracticeUITests */,
				469F3B5B26518C0500569569 /* Products */,
			);
			sourceTree = "<group>";
		};
		469F3B5B26518C0500569569 /* Products */ = {
			isa = PBXGroup;
			children = (
				469F3B5A26518C0500569569 /* githubpractice.app */,
				469F3B7026518C1300569569 /* githubpracticeTests.xctest */,
				469F3B7B26518C1400569569 /* githubpracticeUITests.xctest */,
			);
			name = Products;
			sourceTree = "<group>";
		};
		469F3B5C26518C0500569569 /* githubpractice */ = {
			isa = PBXGroup;
			children = (
				469F3B5D26518C0500569569 /* AppDelegate.swift */,
				469F3B5F26518C0500569569 /* SceneDelegate.swift */,
				469F3B6126518C0500569569 /* ViewController.swift */,
				469F3B6326518C0500569569 /* Main.storyboard */,
				469F3B6626518C1300569569 /* Assets.xcassets */,
				469F3B6826518C1300569569 /* LaunchScreen.storyboard */,
				469F3B6B26518C1300569569 /* Info.plist */,
			);
			path = githubpractice;
			sourceTree = "<group>";
		};
		469F3B7326518C1300569569 /* githubpracticeTests */ = {
			isa = PBXGroup;
			children = (
				469F3B7426518C1300569569 /* githubpracticeTests.swift */,
				469F3B7626518C1300569569 /* Info.plist */,
			);
			path = githubpracticeTests;
			sourceTree = "<group>";
		};
		469F3B7E26518C1400569569 /* githubpracticeUITests */ = {
			isa = PBXGroup;
			children = (
				469F3B7F26518C1400569569 /* githubpracticeUITests.swift */,
				469F3B8126518C1400569569 /* Info.plist */,
			);
			path = githubpracticeUITests;
			sourceTree = "<group>";
		};
/* End PBXGroup section */

/* Begin PBXNativeTarget section */
		469F3B5926518C0500569569 /* githubpractice */ = {
			isa = PBXNativeTarget;
			buildConfigurationList = 469F3B8426518C1400569569 /* Build configuration list for PBXNativeTarget "githubpractice" */;
			buildPhases = (
				469F3B5626518C0500569569 /* Sources */,
				469F3B5726518C0500569569 /* Frameworks */,
				469F3B5826518C0500569569 /* Resources */,
			);
			buildRules = (
			);
			dependencies = (
			);
			name = githubpractice;
			productName = githubpractice;
			productReference = 469F3B5A26518C0500569569 /* githubpractice.app */;
			productType = "com.apple.product-type.application";
		};
		469F3B6F26518C1300569569 /* githubpracticeTests */ = {
			isa = PBXNativeTarget;
			buildConfigurationList = 469F3B8726518C1400569569 /* Build configuration list for PBXNativeTarget "githubpracticeTests" */;
			buildPhases = (
				469F3B6C26518C1300569569 /* Sources */,
				469F3B6D26518C1300569569 /* Frameworks */,
				469F3B6E26518C1300569569 /* Resources */,
			);
			buildRules = (
			);
			dependencies = (
				469F3B7226518C1300569569 /* PBXTargetDependency */,
			);
			name = githubpracticeTests;
			productName = githubpracticeTests;
			productReference = 469F3B7026518C1300569569 /* githubpracticeTests.xctest */;
			productType = "com.apple.product-type.bundle.unit-test";
		};
		469F3B7A26518C1400569569 /* githubpracticeUITests */ = {
			isa = PBXNativeTarget;
			buildConfigurationList = 469F3B8A26518C1400569569 /* Build configuration list for PBXNativeTarget "githubpracticeUITests" */;
			buildPhases = (
				469F3B7726518C1400569569 /* Sources */,
				469F3B7826518C1400569569 /* Frameworks */,
				469F3B7926518C1400569569 /* Resources */,
			);
			buildRules = (
			);
			dependencies = (
				469F3B7D26518C1400569569 /* PBXTargetDependency */,
			);
			name = githubpracticeUITests;
			productName = githubpracticeUITests;
			productReference = 469F3B7B26518C1400569569 /* githubpracticeUITests.xctest */;
			productType = "com.apple.product-type.bundle.ui-testing";
		};
/* End PBXNativeTarget section */

/* Begin PBXProject section */
		469F3B5226518C0400569569 /* Project object */ = {
			isa = PBXProject;
			attributes = {
				LastSwiftUpdateCheck = 1240;
				LastUpgradeCheck = 1240;
				TargetAttributes = {
					469F3B5926518C0500569569 = {
						CreatedOnToolsVersion = 12.4;
					};
					469F3B6F26518C1300569569 = {
						CreatedOnToolsVersion = 12.4;
						TestTargetID = 469F3B5926518C0500569569;
					};
					469F3B7A26518C1400569569 = {
						CreatedOnToolsVersion = 12.4;
						TestTargetID = 469F3B5926518C0500569569;
					};
				};
			};
			buildConfigurationList = 469F3B5526518C0400569569 /* Build configuration list for PBXProject "githubpractice" */;
			compatibilityVersion = "Xcode 9.3";
			developmentRegion = en;
			hasScannedForEncodings = 0;
			knownRegions = (
				en,
				Base,
			);
			mainGroup = 469F3B5126518C0400569569;
			productRefGroup = 469F3B5B26518C0500569569 /* Products */;
			projectDirPath = "";
			projectRoot = "";
			targets = (
				469F3B5926518C0500569569 /* githubpractice */,
				469F3B6F26518C1300569569 /* githubpracticeTests */,
				469F3B7A26518C1400569569 /* githubpracticeUITests */,
			);
		};
/* End PBXProject section */

/* Begin PBXResourcesBuildPhase section */
		469F3B5826518C0500569569 /* Resources */ = {
			isa = PBXResourcesBuildPhase;
			buildActionMask = 2147483647;
			files = (
				469F3B6A26518C1300569569 /* LaunchScreen.storyboard in Resources */,
				469F3B6726518C1300569569 /* Assets.xcassets in Resources */,
				469F3B6526518C0500569569 /* Main.storyboard in Resources */,
			);
			runOnlyForDeploymentPostprocessing = 0;
		};
		469F3B6E26518C1300569569 /* Resources */ = {
			isa = PBXResourcesBuildPhase;
			buildActionMask = 2147483647;
			files = (
			);
			runOnlyForDeploymentPostprocessing = 0;
		};
		469F3B7926518C1400569569 /* Resources */ = {
			isa = PBXResourcesBuildPhase;
			buildActionMask = 2147483647;
			files = (
			);
			runOnlyForDeploymentPostprocessing = 0;
		};
/* End PBXResourcesBuildPhase section */

/* Begin PBXSourcesBuildPhase section */
		469F3B5626518C0500569569 /* Sources */ = {
			isa = PBXSourcesBuildPhase;
			buildActionMask = 2147483647;
			files = (
				469F3B6226518C0500569569 /* ViewController.swift in Sources */,
				469F3B5E26518C0500569569 /* AppDelegate.swift in Sources */,
				469F3B6026518C0500569569 /* SceneDelegate.swift in Sources */,
			);
			runOnlyForDeploymentPostprocessing = 0;
		};
		469F3B6C26518C1300569569 /* Sources */ = {
			isa = PBXSourcesBuildPhase;
			buildActionMask = 2147483647;
			files = (
				469F3B7526518C1300569569 /* githubpracticeTests.swift in Sources */,
			);
			runOnlyForDeploymentPostprocessing = 0;
		};
		469F3B7726518C1400569569 /* Sources */ = {
			isa = PBXSourcesBuildPhase;
			buildActionMask = 2147483647;
			files = (
				469F3B8026518C1400569569 /* githubpracticeUITests.swift in Sources */,
			);
			runOnlyForDeploymentPostprocessing = 0;
		};
/* End PBXSourcesBuildPhase section */

/* Begin PBXTargetDependency section */
		469F3B7226518C1300569569 /* PBXTargetDependency */ = {
			isa = PBXTargetDependency;
			target = 469F3B5926518C0500569569 /* githubpractice */;
			targetProxy = 469F3B7126518C1300569569 /* PBXContainerItemProxy */;
		};
		469F3B7D26518C1400569569 /* PBXTargetDependency */ = {
			isa = PBXTargetDependency;
			target = 469F3B5926518C0500569569 /* githubpractice */;
			targetProxy = 469F3B7C26518C1400569569 /* PBXContainerItemProxy */;
		};
/* End PBXTargetDependency section */

/* Begin PBXVariantGroup section */
		469F3B6326518C0500569569 /* Main.storyboard */ = {
			isa = PBXVariantGroup;
			children = (
				469F3B6426518C0500569569 /* Base */,
			);
			name = Main.storyboard;
			sourceTree = "<group>";
		};
		469F3B6826518C1300569569 /* LaunchScreen.storyboard */ = {
			isa = PBXVariantGroup;
			children = (
				469F3B6926518C1300569569 /* Base */,
			);
			name = LaunchScreen.storyboard;
			sourceTree = "<group>";
		};
/* End PBXVariantGroup section */

/* Begin XCBuildConfiguration section */
		469F3B8226518C1400569569 /* Debug */ = {
			isa = XCBuildConfiguration;
			buildSettings = {
				ALWAYS_SEARCH_USER_PATHS = NO;
				CLANG_ANALYZER_NONNULL = YES;
				CLANG_ANALYZER_NUMBER_OBJECT_CONVERSION = YES_AGGRESSIVE;
				CLANG_CXX_LANGUAGE_STANDARD = "gnu++14";
				CLANG_CXX_LIBRARY = "libc++";
				CLANG_ENABLE_MODULES = YES;
				CLANG_ENABLE_OBJC_ARC = YES;
				CLANG_ENABLE_OBJC_WEAK = YES;
				CLANG_WARN_BLOCK_CAPTURE_AUTORELEASING = YES;
				CLANG_WARN_BOOL_CONVERSION = YES;
				CLANG_WARN_COMMA = YES;
				CLANG_WARN_CONSTANT_CONVERSION = YES;
				CLANG_WARN_DEPRECATED_OBJC_IMPLEMENTATIONS = YES;
				CLANG_WARN_DIRECT_OBJC_ISA_USAGE = YES_ERROR;
				CLANG_WARN_DOCUMENTATION_COMMENTS = YES;
				CLANG_WARN_EMPTY_BODY = YES;
				CLANG_WARN_ENUM_CONVERSION = YES;
				CLANG_WARN_INFINITE_RECURSION = YES;
				CLANG_WARN_INT_CONVERSION = YES;
				CLANG_WARN_NON_LITERAL_NULL_CONVERSION = YES;
				CLANG_WARN_OBJC_IMPLICIT_RETAIN_SELF = YES;
				CLANG_WARN_OBJC_LITERAL_CONVERSION = YES;
				CLANG_WARN_OBJC_ROOT_CLASS = YES_ERROR;
				CLANG_WARN_QUOTED_INCLUDE_IN_FRAMEWORK_HEADER = YES;
				CLANG_WARN_RANGE_LOOP_ANALYSIS = YES;
				CLANG_WARN_STRICT_PROTOTYPES = YES;
				CLANG_WARN_SUSPICIOUS_MOVE = YES;
				CLANG_WARN_UNGUARDED_AVAILABILITY = YES_AGGRESSIVE;
				CLANG_WARN_UNREACHABLE_CODE = YES;
				CLANG_WARN__DUPLICATE_METHOD_MATCH = YES;
				COPY_PHASE_STRIP = NO;
				DEBUG_INFORMATION_FORMAT = dwarf;
				ENABLE_STRICT_OBJC_MSGSEND = YES;
				ENABLE_TESTABILITY = YES;
				GCC_C_LANGUAGE_STANDARD = gnu11;
				GCC_DYNAMIC_NO_PIC = NO;
				GCC_NO_COMMON_BLOCKS = YES;
				GCC_OPTIMIZATION_LEVEL = 0;
				GCC_PREPROCESSOR_DEFINITIONS = (
					"DEBUG=1",
					"$(inherited)",
				);
				GCC_WARN_64_TO_32_BIT_CONVERSION = YES;
				GCC_WARN_ABOUT_RETURN_TYPE = YES_ERROR;
				GCC_WARN_UNDECLARED_SELECTOR = YES;
				GCC_WARN_UNINITIALIZED_AUTOS = YES_AGGRESSIVE;
				GCC_WARN_UNUSED_FUNCTION = YES;
				GCC_WARN_UNUSED_VARIABLE = YES;
				IPHONEOS_DEPLOYMENT_TARGET = 14.4;
				MTL_ENABLE_DEBUG_INFO = INCLUDE_SOURCE;
				MTL_FAST_MATH = YES;
				ONLY_ACTIVE_ARCH = YES;
				SDKROOT = iphoneos;
				SWIFT_ACTIVE_COMPILATION_CONDITIONS = DEBUG;
				SWIFT_OPTIMIZATION_LEVEL = "-Onone";
			};
			name = Debug;
		};
		469F3B8326518C1400569569 /* Release */ = {
			isa = XCBuildConfiguration;
			buildSettings = {
				ALWAYS_SEARCH_USER_PATHS = NO;
				CLANG_ANALYZER_NONNULL = YES;
				CLANG_ANALYZER_NUMBER_OBJECT_CONVERSION = YES_AGGRESSIVE;
				CLANG_CXX_LANGUAGE_STANDARD = "gnu++14";
				CLANG_CXX_LIBRARY = "libc++";
				CLANG_ENABLE_MODULES = YES;
				CLANG_ENABLE_OBJC_ARC = YES;
				CLANG_ENABLE_OBJC_WEAK = YES;
				CLANG_WARN_BLOCK_CAPTURE_AUTORELEASING = YES;
				CLANG_WARN_BOOL_CONVERSION = YES;
				CLANG_WARN_COMMA = YES;
				CLANG_WARN_CONSTANT_CONVERSION = YES;
				CLANG_WARN_DEPRECATED_OBJC_IMPLEMENTATIONS = YES;
				CLANG_WARN_DIRECT_OBJC_ISA_USAGE = YES_ERROR;
				CLANG_WARN_DOCUMENTATION_COMMENTS = YES;
				CLANG_WARN_EMPTY_BODY = YES;
				CLANG_WARN_ENUM_CONVERSION = YES;
				CLANG_WARN_INFINITE_RECURSION = YES;
				CLANG_WARN_INT_CONVERSION = YES;
				CLANG_WARN_NON_LITERAL_NULL_CONVERSION = YES;
				CLANG_WARN_OBJC_IMPLICIT_RETAIN_SELF = YES;
				CLANG_WARN_OBJC_LITERAL_CONVERSION = YES;
				CLANG_WARN_OBJC_ROOT_CLASS = YES_ERROR;
				CLANG_WARN_QUOTED_INCLUDE_IN_FRAMEWORK_HEADER = YES;
				CLANG_WARN_RANGE_LOOP_ANALYSIS = YES;
				CLANG_WARN_STRICT_PROTOTYPES = YES;
				CLANG_WARN_SUSPICIOUS_MOVE = YES;
				CLANG_WARN_UNGUARDED_AVAILABILITY = YES_AGGRESSIVE;
				CLANG_WARN_UNREACHABLE_CODE = YES;
				CLANG_WARN__DUPLICATE_METHOD_MATCH = YES;
				COPY_PHASE_STRIP = NO;
				DEBUG_INFORMATION_FORMAT = "dwarf-with-dsym";
				ENABLE_NS_ASSERTIONS = NO;
				ENABLE_STRICT_OBJC_MSGSEND = YES;
				GCC_C_LANGUAGE_STANDARD = gnu11;
				GCC_NO_COMMON_BLOCKS = YES;
				GCC_WARN_64_TO_32_BIT_CONVERSION = YES;
				GCC_WARN_ABOUT_RETURN_TYPE = YES_ERROR;
				GCC_WARN_UNDECLARED_SELECTOR = YES;
				GCC_WARN_UNINITIALIZED_AUTOS = YES_AGGRESSIVE;
				GCC_WARN_UNUSED_FUNCTION = YES;
				GCC_WARN_UNUSED_VARIABLE = YES;
				IPHONEOS_DEPLOYMENT_TARGET = 14.4;
				MTL_ENABLE_DEBUG_INFO = NO;
				MTL_FAST_MATH = YES;
				SDKROOT = iphoneos;
				SWIFT_COMPILATION_MODE = wholemodule;
				SWIFT_OPTIMIZATION_LEVEL = "-O";
				VALIDATE_PRODUCT = YES;
			};
			name = Release;
		};
		469F3B8526518C1400569569 /* Debug */ = {
			isa = XCBuildConfiguration;
			buildSettings = {
				ASSETCATALOG_COMPILER_APPICON_NAME = AppIcon;
				ASSETCATALOG_COMPILER_GLOBAL_ACCENT_COLOR_NAME = AccentColor;
				CODE_SIGN_STYLE = Automatic;
				INFOPLIST_FILE = githubpractice/Info.plist;
				LD_RUNPATH_SEARCH_PATHS = (
					"$(inherited)",
					"@executable_path/Frameworks",
				);
				PRODUCT_BUNDLE_IDENTIFIER = KWK.githubpractice;
				PRODUCT_NAME = "$(TARGET_NAME)";
				SWIFT_VERSION = 5.0;
				TARGETED_DEVICE_FAMILY = "1,2";
			};
			name = Debug;
		};
		469F3B8626518C1400569569 /* Release */ = {
			isa = XCBuildConfiguration;
			buildSettings = {
				ASSETCATALOG_COMPILER_APPICON_NAME = AppIcon;
				ASSETCATALOG_COMPILER_GLOBAL_ACCENT_COLOR_NAME = AccentColor;
				CODE_SIGN_STYLE = Automatic;
				INFOPLIST_FILE = githubpractice/Info.plist;
				LD_RUNPATH_SEARCH_PATHS = (
					"$(inherited)",
					"@executable_path/Frameworks",
				);
				PRODUCT_BUNDLE_IDENTIFIER = KWK.githubpractice;
				PRODUCT_NAME = "$(TARGET_NAME)";
				SWIFT_VERSION = 5.0;
				TARGETED_DEVICE_FAMILY = "1,2";
			};
			name = Release;
		};
		469F3B8826518C1400569569 /* Debug */ = {
			isa = XCBuildConfiguration;
			buildSettings = {
				ALWAYS_EMBED_SWIFT_STANDARD_LIBRARIES = YES;
				BUNDLE_LOADER = "$(TEST_HOST)";
				CODE_SIGN_STYLE = Automatic;
				INFOPLIST_FILE = githubpracticeTests/Info.plist;
				IPHONEOS_DEPLOYMENT_TARGET = 14.4;
				LD_RUNPATH_SEARCH_PATHS = (
					"$(inherited)",
					"@executable_path/Frameworks",
					"@loader_path/Frameworks",
				);
				PRODUCT_BUNDLE_IDENTIFIER = KWK.githubpracticeTests;
				PRODUCT_NAME = "$(TARGET_NAME)";
				SWIFT_VERSION = 5.0;
				TARGETED_DEVICE_FAMILY = "1,2";
				TEST_HOST = "$(BUILT_PRODUCTS_DIR)/githubpractice.app/githubpractice";
			};
			name = Debug;
		};
		469F3B8926518C1400569569 /* Release */ = {
			isa = XCBuildConfiguration;
			buildSettings = {
				ALWAYS_EMBED_SWIFT_STANDARD_LIBRARIES = YES;
				BUNDLE_LOADER = "$(TEST_HOST)";
				CODE_SIGN_STYLE = Automatic;
				INFOPLIST_FILE = githubpracticeTests/Info.plist;
				IPHONEOS_DEPLOYMENT_TARGET = 14.4;
				LD_RUNPATH_SEARCH_PATHS = (
					"$(inherited)",
					"@executable_path/Frameworks",
					"@loader_path/Frameworks",
				);
				PRODUCT_BUNDLE_IDENTIFIER = KWK.githubpracticeTests;
				PRODUCT_NAME = "$(TARGET_NAME)";
				SWIFT_VERSION = 5.0;
				TARGETED_DEVICE_FAMILY = "1,2";
				TEST_HOST = "$(BUILT_PRODUCTS_DIR)/githubpractice.app/githubpractice";
			};
			name = Release;
		};
		469F3B8B26518C1400569569 /* Debug */ = {
			isa = XCBuildConfiguration;
			buildSettings = {
				ALWAYS_EMBED_SWIFT_STANDARD_LIBRARIES = YES;
				CODE_SIGN_STYLE = Automatic;
				INFOPLIST_FILE = githubpracticeUITests/Info.plist;
				LD_RUNPATH_SEARCH_PATHS = (
					"$(inherited)",
					"@executable_path/Frameworks",
					"@loader_path/Frameworks",
				);
				PRODUCT_BUNDLE_IDENTIFIER = KWK.githubpracticeUITests;
				PRODUCT_NAME = "$(TARGET_NAME)";
				SWIFT_VERSION = 5.0;
				TARGETED_DEVICE_FAMILY = "1,2";
				TEST_TARGET_NAME = githubpractice;
			};
			name = Debug;
		};
		469F3B8C26518C1400569569 /* Release */ = {
			isa = XCBuildConfiguration;
			buildSettings = {
				ALWAYS_EMBED_SWIFT_STANDARD_LIBRARIES = YES;
				CODE_SIGN_STYLE = Automatic;
				INFOPLIST_FILE = githubpracticeUITests/Info.plist;
				LD_RUNPATH_SEARCH_PATHS = (
					"$(inherited)",
					"@executable_path/Frameworks",
					"@loader_path/Frameworks",
				);
				PRODUCT_BUNDLE_IDENTIFIER = KWK.githubpracticeUITests;
				PRODUCT_NAME = "$(TARGET_NAME)";
				SWIFT_VERSION = 5.0;
				TARGETED_DEVICE_FAMILY = "1,2";
				TEST_TARGET_NAME = githubpractice;
			};
			name = Release;
		};
/* End XCBuildConfiguration section */

/* Begin XCConfigurationList section */
		469F3B5526518C0400569569 /* Build configuration list for PBXProject "githubpractice" */ = {
			isa = XCConfigurationList;
			buildConfigurations = (
				469F3B8226518C1400569569 /* Debug */,
				469F3B8326518C1400569569 /* Release */,
			);
			defaultConfigurationIsVisible = 0;
			defaultConfigurationName = Release;
		};
		469F3B8426518C1400569569 /* Build configuration list for PBXNativeTarget "githubpractice" */ = {
			isa = XCConfigurationList;
			buildConfigurations = (
				469F3B8526518C1400569569 /* Debug */,
				469F3B8626518C1400569569 /* Release */,
			);
			defaultConfigurationIsVisible = 0;
			defaultConfigurationName = Release;
		};
		469F3B8726518C1400569569 /* Build configuration list for PBXNativeTarget "githubpracticeTests" */ = {
			isa = XCConfigurationList;
			buildConfigurations = (
				469F3B8826518C1400569569 /* Debug */,
				469F3B8926518C1400569569 /* Release */,
			);
			defaultConfigurationIsVisible = 0;
			defaultConfigurationName = Release;
		};
		469F3B8A26518C1400569569 /* Build configuration list for PBXNativeTarget "githubpracticeUITests" */ = {
			isa = XCConfigurationList;
			buildConfigurations = (
				469F3B8B26518C1400569569 /* Debug */,
				469F3B8C26518C1400569569 /* Release */,
			);
			defaultConfigurationIsVisible = 0;
			defaultConfigurationName = Release;
		};
/* End XCConfigurationList section */
	};
	rootObject = 469F3B5226518C0400569569 /* Project object */;
}
